// !$*UTF8*$!
{
	archiveVersion = 1;
	classes = {
	};
	objectVersion = 50;
	objects = {

/* Begin PBXBuildFile section */
		9A19FF5A23E89CE40041F663 /* AppDelegate.swift in Sources */ = {isa = PBXBuildFile; fileRef = 9A19FF5923E89CE40041F663 /* AppDelegate.swift */; };
		9A19FF5C23E89CE40041F663 /* SceneDelegate.swift in Sources */ = {isa = PBXBuildFile; fileRef = 9A19FF5B23E89CE40041F663 /* SceneDelegate.swift */; };
		9A19FF5E23E89CE40041F663 /* ContentView.swift in Sources */ = {isa = PBXBuildFile; fileRef = 9A19FF5D23E89CE40041F663 /* ContentView.swift */; };
		9A19FF6023E89CEC0041F663 /* Assets.xcassets in Resources */ = {isa = PBXBuildFile; fileRef = 9A19FF5F23E89CEC0041F663 /* Assets.xcassets */; };
		9A19FF6323E89CEC0041F663 /* Preview Assets.xcassets in Resources */ = {isa = PBXBuildFile; fileRef = 9A19FF6223E89CEC0041F663 /* Preview Assets.xcassets */; };
		9A19FF6623E89CEC0041F663 /* LaunchScreen.storyboard in Resources */ = {isa = PBXBuildFile; fileRef = 9A19FF6423E89CEC0041F663 /* LaunchScreen.storyboard */; };
		9A19FF7123E89CEC0041F663 /* DesignCodeTests.swift in Sources */ = {isa = PBXBuildFile; fileRef = 9A19FF7023E89CEC0041F663 /* DesignCodeTests.swift */; };
		9A19FF7C23E89CEC0041F663 /* DesignCodeUITests.swift in Sources */ = {isa = PBXBuildFile; fileRef = 9A19FF7B23E89CEC0041F663 /* DesignCodeUITests.swift */; };
		9A19FF8C23E8A6C60041F663 /* MapView.swift in Sources */ = {isa = PBXBuildFile; fileRef = 9A19FF8B23E8A6C60041F663 /* MapView.swift */; };
		9A5620E123EF5A5C00FEDCCF /* TabBar.swift in Sources */ = {isa = PBXBuildFile; fileRef = 9A5620E023EF5A5C00FEDCCF /* TabBar.swift */; };
		9AC2F94023F04C3400655E9A /* UpdateList.swift in Sources */ = {isa = PBXBuildFile; fileRef = 9AC2F93F23F04C3400655E9A /* UpdateList.swift */; };
		9AFE452923EDC89B00A97B0B /* MenuView.swift in Sources */ = {isa = PBXBuildFile; fileRef = 9AFE452823EDC89B00A97B0B /* MenuView.swift */; };
		9AFE452B23EDDAF400A97B0B /* HomeView.swift in Sources */ = {isa = PBXBuildFile; fileRef = 9AFE452A23EDDAF400A97B0B /* HomeView.swift */; };
		9AFE452D23EDF88300A97B0B /* HomeDetailsView.swift in Sources */ = {isa = PBXBuildFile; fileRef = 9AFE452C23EDF88300A97B0B /* HomeDetailsView.swift */; };
/* End PBXBuildFile section */

/* Begin PBXContainerItemProxy section */
		9A19FF6D23E89CEC0041F663 /* PBXContainerItemProxy */ = {
			isa = PBXContainerItemProxy;
			containerPortal = 9A19FF4E23E89CE40041F663 /* Project object */;
			proxyType = 1;
			remoteGlobalIDString = 9A19FF5523E89CE40041F663;
			remoteInfo = DesignCode;
		};
		9A19FF7823E89CEC0041F663 /* PBXContainerItemProxy */ = {
			isa = PBXContainerItemProxy;
			containerPortal = 9A19FF4E23E89CE40041F663 /* Project object */;
			proxyType = 1;
			remoteGlobalIDString = 9A19FF5523E89CE40041F663;
			remoteInfo = DesignCode;
		};
/* End PBXContainerItemProxy section */

/* Begin PBXFileReference section */
		9A19FF5623E89CE40041F663 /* DesignCode.app */ = {isa = PBXFileReference; explicitFileType = wrapper.application; includeInIndex = 0; path = DesignCode.app; sourceTree = BUILT_PRODUCTS_DIR; };
		9A19FF5923E89CE40041F663 /* AppDelegate.swift */ = {isa = PBXFileReference; lastKnownFileType = sourcecode.swift; path = AppDelegate.swift; sourceTree = "<group>"; };
		9A19FF5B23E89CE40041F663 /* SceneDelegate.swift */ = {isa = PBXFileReference; lastKnownFileType = sourcecode.swift; path = SceneDelegate.swift; sourceTree = "<group>"; };
		9A19FF5D23E89CE40041F663 /* ContentView.swift */ = {isa = PBXFileReference; lastKnownFileType = sourcecode.swift; path = ContentView.swift; sourceTree = "<group>"; };
		9A19FF5F23E89CEC0041F663 /* Assets.xcassets */ = {isa = PBXFileReference; lastKnownFileType = folder.assetcatalog; path = Assets.xcassets; sourceTree = "<group>"; };
		9A19FF6223E89CEC0041F663 /* Preview Assets.xcassets */ = {isa = PBXFileReference; lastKnownFileType = folder.assetcatalog; path = "Preview Assets.xcassets"; sourceTree = "<group>"; };
		9A19FF6523E89CEC0041F663 /* Base */ = {isa = PBXFileReference; lastKnownFileType = file.storyboard; name = Base; path = Base.lproj/LaunchScreen.storyboard; sourceTree = "<group>"; };
		9A19FF6723E89CEC0041F663 /* Info.plist */ = {isa = PBXFileReference; lastKnownFileType = text.plist.xml; path = Info.plist; sourceTree = "<group>"; };
		9A19FF6C23E89CEC0041F663 /* DesignCodeTests.xctest */ = {isa = PBXFileReference; explicitFileType = wrapper.cfbundle; includeInIndex = 0; path = DesignCodeTests.xctest; sourceTree = BUILT_PRODUCTS_DIR; };
		9A19FF7023E89CEC0041F663 /* DesignCodeTests.swift */ = {isa = PBXFileReference; lastKnownFileType = sourcecode.swift; path = DesignCodeTests.swift; sourceTree = "<group>"; };
		9A19FF7223E89CEC0041F663 /* Info.plist */ = {isa = PBXFileReference; lastKnownFileType = text.plist.xml; path = Info.plist; sourceTree = "<group>"; };
		9A19FF7723E89CEC0041F663 /* DesignCodeUITests.xctest */ = {isa = PBXFileReference; explicitFileType = wrapper.cfbundle; includeInIndex = 0; path = DesignCodeUITests.xctest; sourceTree = BUILT_PRODUCTS_DIR; };
		9A19FF7B23E89CEC0041F663 /* DesignCodeUITests.swift */ = {isa = PBXFileReference; lastKnownFileType = sourcecode.swift; path = DesignCodeUITests.swift; sourceTree = "<group>"; };
		9A19FF7D23E89CEC0041F663 /* Info.plist */ = {isa = PBXFileReference; lastKnownFileType = text.plist.xml; path = Info.plist; sourceTree = "<group>"; };
		9A19FF8B23E8A6C60041F663 /* MapView.swift */ = {isa = PBXFileReference; lastKnownFileType = sourcecode.swift; path = MapView.swift; sourceTree = "<group>"; };
		9A5620E023EF5A5C00FEDCCF /* TabBar.swift */ = {isa = PBXFileReference; lastKnownFileType = sourcecode.swift; path = TabBar.swift; sourceTree = "<group>"; };
		9AC2F93F23F04C3400655E9A /* UpdateList.swift */ = {isa = PBXFileReference; lastKnownFileType = sourcecode.swift; path = UpdateList.swift; sourceTree = "<group>"; };
		9AFE452823EDC89B00A97B0B /* MenuView.swift */ = {isa = PBXFileReference; lastKnownFileType = sourcecode.swift; path = MenuView.swift; sourceTree = "<group>"; };
		9AFE452A23EDDAF400A97B0B /* HomeView.swift */ = {isa = PBXFileReference; lastKnownFileType = sourcecode.swift; path = HomeView.swift; sourceTree = "<group>"; };
		9AFE452C23EDF88300A97B0B /* HomeDetailsView.swift */ = {isa = PBXFileReference; lastKnownFileType = sourcecode.swift; path = HomeDetailsView.swift; sourceTree = "<group>"; };
/* End PBXFileReference section */

/* Begin PBXFrameworksBuildPhase section */
		9A19FF5323E89CE40041F663 /* Frameworks */ = {
			isa = PBXFrameworksBuildPhase;
			buildActionMask = 2147483647;
			files = (
			);
			runOnlyForDeploymentPostprocessing = 0;
		};
		9A19FF6923E89CEC0041F663 /* Frameworks */ = {
			isa = PBXFrameworksBuildPhase;
			buildActionMask = 2147483647;
			files = (
			);
			runOnlyForDeploymentPostprocessing = 0;
		};
		9A19FF7423E89CEC0041F663 /* Frameworks */ = {
			isa = PBXFrameworksBuildPhase;
			buildActionMask = 2147483647;
			files = (
			);
			runOnlyForDeploymentPostprocessing = 0;
		};
/* End PBXFrameworksBuildPhase section */

/* Begin PBXGroup section */
		9A19FF4D23E89CE40041F663 = {
			isa = PBXGroup;
			children = (
				9A19FF5823E89CE40041F663 /* DesignCode */,
				9A19FF6F23E89CEC0041F663 /* DesignCodeTests */,
				9A19FF7A23E89CEC0041F663 /* DesignCodeUITests */,
				9A19FF5723E89CE40041F663 /* Products */,
			);
			sourceTree = "<group>";
		};
		9A19FF5723E89CE40041F663 /* Products */ = {
			isa = PBXGroup;
			children = (
				9A19FF5623E89CE40041F663 /* DesignCode.app */,
				9A19FF6C23E89CEC0041F663 /* DesignCodeTests.xctest */,
				9A19FF7723E89CEC0041F663 /* DesignCodeUITests.xctest */,
			);
			name = Products;
			sourceTree = "<group>";
		};
		9A19FF5823E89CE40041F663 /* DesignCode */ = {
			isa = PBXGroup;
			children = (
				9A19FF5923E89CE40041F663 /* AppDelegate.swift */,
				9A19FF5B23E89CE40041F663 /* SceneDelegate.swift */,
				9A5620E023EF5A5C00FEDCCF /* TabBar.swift */,
				9A19FF5D23E89CE40041F663 /* ContentView.swift */,
				9AFE452A23EDDAF400A97B0B /* HomeView.swift */,
				9AFE452C23EDF88300A97B0B /* HomeDetailsView.swift */,
				9AFE452823EDC89B00A97B0B /* MenuView.swift */,
				9AC2F93F23F04C3400655E9A /* UpdateList.swift */,
				9A19FF8B23E8A6C60041F663 /* MapView.swift */,
				9A19FF5F23E89CEC0041F663 /* Assets.xcassets */,
				9A19FF6423E89CEC0041F663 /* LaunchScreen.storyboard */,
				9A19FF6723E89CEC0041F663 /* Info.plist */,
				9A19FF6123E89CEC0041F663 /* Preview Content */,
			);
			path = DesignCode;
			sourceTree = "<group>";
		};
		9A19FF6123E89CEC0041F663 /* Preview Content */ = {
			isa = PBXGroup;
			children = (
				9A19FF6223E89CEC0041F663 /* Preview Assets.xcassets */,
			);
			path = "Preview Content";
			sourceTree = "<group>";
		};
		9A19FF6F23E89CEC0041F663 /* DesignCodeTests */ = {
			isa = PBXGroup;
			children = (
				9A19FF7023E89CEC0041F663 /* DesignCodeTests.swift */,
				9A19FF7223E89CEC0041F663 /* Info.plist */,
			);
			path = DesignCodeTests;
			sourceTree = "<group>";
		};
		9A19FF7A23E89CEC0041F663 /* DesignCodeUITests */ = {
			isa = PBXGroup;
			children = (
				9A19FF7B23E89CEC0041F663 /* DesignCodeUITests.swift */,
				9A19FF7D23E89CEC0041F663 /* Info.plist */,
			);
			path = DesignCodeUITests;
			sourceTree = "<group>";
		};
/* End PBXGroup section */

/* Begin PBXNativeTarget section */
		9A19FF5523E89CE40041F663 /* DesignCode */ = {
			isa = PBXNativeTarget;
			buildConfigurationList = 9A19FF8023E89CEC0041F663 /* Build configuration list for PBXNativeTarget "DesignCode" */;
			buildPhases = (
				9A19FF5223E89CE40041F663 /* Sources */,
				9A19FF5323E89CE40041F663 /* Frameworks */,
				9A19FF5423E89CE40041F663 /* Resources */,
			);
			buildRules = (
			);
			dependencies = (
			);
			name = DesignCode;
			productName = DesignCode;
			productReference = 9A19FF5623E89CE40041F663 /* DesignCode.app */;
			productType = "com.apple.product-type.application";
		};
		9A19FF6B23E89CEC0041F663 /* DesignCodeTests */ = {
			isa = PBXNativeTarget;
			buildConfigurationList = 9A19FF8323E89CEC0041F663 /* Build configuration list for PBXNativeTarget "DesignCodeTests" */;
			buildPhases = (
				9A19FF6823E89CEC0041F663 /* Sources */,
				9A19FF6923E89CEC0041F663 /* Frameworks */,
				9A19FF6A23E89CEC0041F663 /* Resources */,
			);
			buildRules = (
			);
			dependencies = (
				9A19FF6E23E89CEC0041F663 /* PBXTargetDependency */,
			);
			name = DesignCodeTests;
			productName = DesignCodeTests;
			productReference = 9A19FF6C23E89CEC0041F663 /* DesignCodeTests.xctest */;
			productType = "com.apple.product-type.bundle.unit-test";
		};
		9A19FF7623E89CEC0041F663 /* DesignCodeUITests */ = {
			isa = PBXNativeTarget;
			buildConfigurationList = 9A19FF8623E89CEC0041F663 /* Build configuration list for PBXNativeTarget "DesignCodeUITests" */;
			buildPhases = (
				9A19FF7323E89CEC0041F663 /* Sources */,
				9A19FF7423E89CEC0041F663 /* Frameworks */,
				9A19FF7523E89CEC0041F663 /* Resources */,
			);
			buildRules = (
			);
			dependencies = (
				9A19FF7923E89CEC0041F663 /* PBXTargetDependency */,
			);
			name = DesignCodeUITests;
			productName = DesignCodeUITests;
			productReference = 9A19FF7723E89CEC0041F663 /* DesignCodeUITests.xctest */;
			productType = "com.apple.product-type.bundle.ui-testing";
		};
/* End PBXNativeTarget section */

/* Begin PBXProject section */
		9A19FF4E23E89CE40041F663 /* Project object */ = {
			isa = PBXProject;
			attributes = {
				LastSwiftUpdateCheck = 1130;
				LastUpgradeCheck = 1130;
				ORGANIZATIONNAME = "Tobi Adeleye";
				TargetAttributes = {
					9A19FF5523E89CE40041F663 = {
						CreatedOnToolsVersion = 11.3.1;
					};
					9A19FF6B23E89CEC0041F663 = {
						CreatedOnToolsVersion = 11.3.1;
						TestTargetID = 9A19FF5523E89CE40041F663;
					};
					9A19FF7623E89CEC0041F663 = {
						CreatedOnToolsVersion = 11.3.1;
						TestTargetID = 9A19FF5523E89CE40041F663;
					};
				};
			};
			buildConfigurationList = 9A19FF5123E89CE40041F663 /* Build configuration list for PBXProject "DesignCode" */;
			compatibilityVersion = "Xcode 9.3";
			developmentRegion = en;
			hasScannedForEncodings = 0;
			knownRegions = (
				en,
				Base,
			);
			mainGroup = 9A19FF4D23E89CE40041F663;
			productRefGroup = 9A19FF5723E89CE40041F663 /* Products */;
			projectDirPath = "";
			projectRoot = "";
			targets = (
				9A19FF5523E89CE40041F663 /* DesignCode */,
				9A19FF6B23E89CEC0041F663 /* DesignCodeTests */,
				9A19FF7623E89CEC0041F663 /* DesignCodeUITests */,
			);
		};
/* End PBXProject section */

/* Begin PBXResourcesBuildPhase section */
		9A19FF5423E89CE40041F663 /* Resources */ = {
			isa = PBXResourcesBuildPhase;
			buildActionMask = 2147483647;
			files = (
				9A19FF6623E89CEC0041F663 /* LaunchScreen.storyboard in Resources */,
				9A19FF6323E89CEC0041F663 /* Preview Assets.xcassets in Resources */,
				9A19FF6023E89CEC0041F663 /* Assets.xcassets in Resources */,
			);
			runOnlyForDeploymentPostprocessing = 0;
		};
		9A19FF6A23E89CEC0041F663 /* Resources */ = {
			isa = PBXResourcesBuildPhase;
			buildActionMask = 2147483647;
			files = (
			);
			runOnlyForDeploymentPostprocessing = 0;
		};
		9A19FF7523E89CEC0041F663 /* Resources */ = {
			isa = PBXResourcesBuildPhase;
			buildActionMask = 2147483647;
			files = (
			);
			runOnlyForDeploymentPostprocessing = 0;
		};
/* End PBXResourcesBuildPhase section */

/* Begin PBXSourcesBuildPhase section */
		9A19FF5223E89CE40041F663 /* Sources */ = {
			isa = PBXSourcesBuildPhase;
			buildActionMask = 2147483647;
			files = (
				9A5620E123EF5A5C00FEDCCF /* TabBar.swift in Sources */,
				9A19FF5A23E89CE40041F663 /* AppDelegate.swift in Sources */,
				9AFE452B23EDDAF400A97B0B /* HomeView.swift in Sources */,
				9AFE452D23EDF88300A97B0B /* HomeDetailsView.swift in Sources */,
				9AFE452923EDC89B00A97B0B /* MenuView.swift in Sources */,
				9A19FF8C23E8A6C60041F663 /* MapView.swift in Sources */,
				9A19FF5C23E89CE40041F663 /* SceneDelegate.swift in Sources */,
				9A19FF5E23E89CE40041F663 /* ContentView.swift in Sources */,
				9AC2F94023F04C3400655E9A /* UpdateList.swift in Sources */,
			);
			runOnlyForDeploymentPostprocessing = 0;
		};
		9A19FF6823E89CEC0041F663 /* Sources */ = {
			isa = PBXSourcesBuildPhase;
			buildActionMask = 2147483647;
			files = (
				9A19FF7123E89CEC0041F663 /* DesignCodeTests.swift in Sources */,
			);
			runOnlyForDeploymentPostprocessing = 0;
		};
		9A19FF7323E89CEC0041F663 /* Sources */ = {
			isa = PBXSourcesBuildPhase;
			buildActionMask = 2147483647;
			files = (
				9A19FF7C23E89CEC0041F663 /* DesignCodeUITests.swift in Sources */,
			);
			runOnlyForDeploymentPostprocessing = 0;
		};
/* End PBXSourcesBuildPhase section */

/* Begin PBXTargetDependency section */
		9A19FF6E23E89CEC0041F663 /* PBXTargetDependency */ = {
			isa = PBXTargetDependency;
			target = 9A19FF5523E89CE40041F663 /* DesignCode */;
			targetProxy = 9A19FF6D23E89CEC0041F663 /* PBXContainerItemProxy */;
		};
		9A19FF7923E89CEC0041F663 /* PBXTargetDependency */ = {
			isa = PBXTargetDependency;
			target = 9A19FF5523E89CE40041F663 /* DesignCode */;
			targetProxy = 9A19FF7823E89CEC0041F663 /* PBXContainerItemProxy */;
		};
/* End PBXTargetDependency section */

/* Begin PBXVariantGroup section */
		9A19FF6423E89CEC0041F663 /* LaunchScreen.storyboard */ = {
			isa = PBXVariantGroup;
			children = (
				9A19FF6523E89CEC0041F663 /* Base */,
			);
			name = LaunchScreen.storyboard;
			sourceTree = "<group>";
		};
/* End PBXVariantGroup section */

/* Begin XCBuildConfiguration section */
		9A19FF7E23E89CEC0041F663 /* Debug */ = {
			isa = XCBuildConfiguration;
			buildSettings = {
				ALWAYS_SEARCH_USER_PATHS = NO;
				CLANG_ANALYZER_NONNULL = YES;
				CLANG_ANALYZER_NUMBER_OBJECT_CONVERSION = YES_AGGRESSIVE;
				CLANG_CXX_LANGUAGE_STANDARD = "gnu++14";
				CLANG_CXX_LIBRARY = "libc++";
				CLANG_ENABLE_MODULES = YES;
				CLANG_ENABLE_OBJC_ARC = YES;
				CLANG_ENABLE_OBJC_WEAK = YES;
				CLANG_WARN_BLOCK_CAPTURE_AUTORELEASING = YES;
				CLANG_WARN_BOOL_CONVERSION = YES;
				CLANG_WARN_COMMA = YES;
				CLANG_WARN_CONSTANT_CONVERSION = YES;
				CLANG_WARN_DEPRECATED_OBJC_IMPLEMENTATIONS = YES;
				CLANG_WARN_DIRECT_OBJC_ISA_USAGE = YES_ERROR;
				CLANG_WARN_DOCUMENTATION_COMMENTS = YES;
				CLANG_WARN_EMPTY_BODY = YES;
				CLANG_WARN_ENUM_CONVERSION = YES;
				CLANG_WARN_INFINITE_RECURSION = YES;
				CLANG_WARN_INT_CONVERSION = YES;
				CLANG_WARN_NON_LITERAL_NULL_CONVERSION = YES;
				CLANG_WARN_OBJC_IMPLICIT_RETAIN_SELF = YES;
				CLANG_WARN_OBJC_LITERAL_CONVERSION = YES;
				CLANG_WARN_OBJC_ROOT_CLASS = YES_ERROR;
				CLANG_WARN_RANGE_LOOP_ANALYSIS = YES;
				CLANG_WARN_STRICT_PROTOTYPES = YES;
				CLANG_WARN_SUSPICIOUS_MOVE = YES;
				CLANG_WARN_UNGUARDED_AVAILABILITY = YES_AGGRESSIVE;
				CLANG_WARN_UNREACHABLE_CODE = YES;
				CLANG_WARN__DUPLICATE_METHOD_MATCH = YES;
				COPY_PHASE_STRIP = NO;
				DEBUG_INFORMATION_FORMAT = dwarf;
				ENABLE_STRICT_OBJC_MSGSEND = YES;
				ENABLE_TESTABILITY = YES;
				GCC_C_LANGUAGE_STANDARD = gnu11;
				GCC_DYNAMIC_NO_PIC = NO;
				GCC_NO_COMMON_BLOCKS = YES;
				GCC_OPTIMIZATION_LEVEL = 0;
				GCC_PREPROCESSOR_DEFINITIONS = (
					"DEBUG=1",
					"$(inherited)",
				);
				GCC_WARN_64_TO_32_BIT_CONVERSION = YES;
				GCC_WARN_ABOUT_RETURN_TYPE = YES_ERROR;
				GCC_WARN_UNDECLARED_SELECTOR = YES;
				GCC_WARN_UNINITIALIZED_AUTOS = YES_AGGRESSIVE;
				GCC_WARN_UNUSED_FUNCTION = YES;
				GCC_WARN_UNUSED_VARIABLE = YES;
				IPHONEOS_DEPLOYMENT_TARGET = 13.2;
				MTL_ENABLE_DEBUG_INFO = INCLUDE_SOURCE;
				MTL_FAST_MATH = YES;
				ONLY_ACTIVE_ARCH = YES;
				SDKROOT = iphoneos;
				SWIFT_ACTIVE_COMPILATION_CONDITIONS = DEBUG;
				SWIFT_OPTIMIZATION_LEVEL = "-Onone";
			};
			name = Debug;
		};
		9A19FF7F23E89CEC0041F663 /* Release */ = {
			isa = XCBuildConfiguration;
			buildSettings = {
				ALWAYS_SEARCH_USER_PATHS = NO;
				CLANG_ANALYZER_NONNULL = YES;
				CLANG_ANALYZER_NUMBER_OBJECT_CONVERSION = YES_AGGRESSIVE;
				CLANG_CXX_LANGUAGE_STANDARD = "gnu++14";
				CLANG_CXX_LIBRARY = "libc++";
				CLANG_ENABLE_MODULES = YES;
				CLANG_ENABLE_OBJC_ARC = YES;
				CLANG_ENABLE_OBJC_WEAK = YES;
				CLANG_WARN_BLOCK_CAPTURE_AUTORELEASING = YES;
				CLANG_WARN_BOOL_CONVERSION = YES;
				CLANG_WARN_COMMA = YES;
				CLANG_WARN_CONSTANT_CONVERSION = YES;
				CLANG_WARN_DEPRECATED_OBJC_IMPLEMENTATIONS = YES;
				CLANG_WARN_DIRECT_OBJC_ISA_USAGE = YES_ERROR;
				CLANG_WARN_DOCUMENTATION_COMMENTS = YES;
				CLANG_WARN_EMPTY_BODY = YES;
				CLANG_WARN_ENUM_CONVERSION = YES;
				CLANG_WARN_INFINITE_RECURSION = YES;
				CLANG_WARN_INT_CONVERSION = YES;
				CLANG_WARN_NON_LITERAL_NULL_CONVERSION = YES;
				CLANG_WARN_OBJC_IMPLICIT_RETAIN_SELF = YES;
				CLANG_WARN_OBJC_LITERAL_CONVERSION = YES;
				CLANG_WARN_OBJC_ROOT_CLASS = YES_ERROR;
				CLANG_WARN_RANGE_LOOP_ANALYSIS = YES;
				CLANG_WARN_STRICT_PROTOTYPES = YES;
				CLANG_WARN_SUSPICIOUS_MOVE = YES;
				CLANG_WARN_UNGUARDED_AVAILABILITY = YES_AGGRESSIVE;
				CLANG_WARN_UNREACHABLE_CODE = YES;
				CLANG_WARN__DUPLICATE_METHOD_MATCH = YES;
				COPY_PHASE_STRIP = NO;
				DEBUG_INFORMATION_FORMAT = "dwarf-with-dsym";
				ENABLE_NS_ASSERTIONS = NO;
				ENABLE_STRICT_OBJC_MSGSEND = YES;
				GCC_C_LANGUAGE_STANDARD = gnu11;
				GCC_NO_COMMON_BLOCKS = YES;
				GCC_WARN_64_TO_32_BIT_CONVERSION = YES;
				GCC_WARN_ABOUT_RETURN_TYPE = YES_ERROR;
				GCC_WARN_UNDECLARED_SELECTOR = YES;
				GCC_WARN_UNINITIALIZED_AUTOS = YES_AGGRESSIVE;
				GCC_WARN_UNUSED_FUNCTION = YES;
				GCC_WARN_UNUSED_VARIABLE = YES;
				IPHONEOS_DEPLOYMENT_TARGET = 13.2;
				MTL_ENABLE_DEBUG_INFO = NO;
				MTL_FAST_MATH = YES;
				SDKROOT = iphoneos;
				SWIFT_COMPILATION_MODE = wholemodule;
				SWIFT_OPTIMIZATION_LEVEL = "-O";
				VALIDATE_PRODUCT = YES;
			};
			name = Release;
		};
		9A19FF8123E89CEC0041F663 /* Debug */ = {
			isa = XCBuildConfiguration;
			buildSettings = {
				ASSETCATALOG_COMPILER_APPICON_NAME = AppIcon;
				CODE_SIGN_STYLE = Automatic;
				DEVELOPMENT_ASSET_PATHS = "\"DesignCode/Preview Content\"";
				DEVELOPMENT_TEAM = 6SQVNF4W45;
				ENABLE_PREVIEWS = YES;
				INFOPLIST_FILE = DesignCode/Info.plist;
				LD_RUNPATH_SEARCH_PATHS = (
					"$(inherited)",
					"@executable_path/Frameworks",
				);
				PRODUCT_BUNDLE_IDENTIFIER = com.tobiadeleye.DesignCode;
				PRODUCT_NAME = "$(TARGET_NAME)";
				SWIFT_VERSION = 5.0;
				TARGETED_DEVICE_FAMILY = "1,2";
			};
			name = Debug;
		};
		9A19FF8223E89CEC0041F663 /* Release */ = {
			isa = XCBuildConfiguration;
			buildSettings = {
				ASSETCATALOG_COMPILER_APPICON_NAME = AppIcon;
				CODE_SIGN_STYLE = Automatic;
				DEVELOPMENT_ASSET_PATHS = "\"DesignCode/Preview Content\"";
				DEVELOPMENT_TEAM = 6SQVNF4W45;
				ENABLE_PREVIEWS = YES;
				INFOPLIST_FILE = DesignCode/Info.plist;
				LD_RUNPATH_SEARCH_PATHS = (
					"$(inherited)",
					"@executable_path/Frameworks",
				);
				PRODUCT_BUNDLE_IDENTIFIER = com.tobiadeleye.DesignCode;
				PRODUCT_NAME = "$(TARGET_NAME)";
				SWIFT_VERSION = 5.0;
				TARGETED_DEVICE_FAMILY = "1,2";
			};
			name = Release;
		};
		9A19FF8423E89CEC0041F663 /* Debug */ = {
			isa = XCBuildConfiguration;
			buildSettings = {
				ALWAYS_EMBED_SWIFT_STANDARD_LIBRARIES = YES;
				BUNDLE_LOADER = "$(TEST_HOST)";
				CODE_SIGN_STYLE = Automatic;
				DEVELOPMENT_TEAM = 6SQVNF4W45;
				INFOPLIST_FILE = DesignCodeTests/Info.plist;
				IPHONEOS_DEPLOYMENT_TARGET = 13.2;
				LD_RUNPATH_SEARCH_PATHS = (
					"$(inherited)",
					"@executable_path/Frameworks",
					"@loader_path/Frameworks",
				);
				PRODUCT_BUNDLE_IDENTIFIER = com.tobiadeleye.DesignCodeTests;
				PRODUCT_NAME = "$(TARGET_NAME)";
				SWIFT_VERSION = 5.0;
				TARGETED_DEVICE_FAMILY = "1,2";
				TEST_HOST = "$(BUILT_PRODUCTS_DIR)/DesignCode.app/DesignCode";
			};
			name = Debug;
		};
		9A19FF8523E89CEC0041F663 /* Release */ = {
			isa = XCBuildConfiguration;
			buildSettings = {
				ALWAYS_EMBED_SWIFT_STANDARD_LIBRARIES = YES;
				BUNDLE_LOADER = "$(TEST_HOST)";
				CODE_SIGN_STYLE = Automatic;
				DEVELOPMENT_TEAM = 6SQVNF4W45;
				INFOPLIST_FILE = DesignCodeTests/Info.plist;
				IPHONEOS_DEPLOYMENT_TARGET = 13.2;
				LD_RUNPATH_SEARCH_PATHS = (
					"$(inherited)",
					"@executable_path/Frameworks",
					"@loader_path/Frameworks",
				);
				PRODUCT_BUNDLE_IDENTIFIER = com.tobiadeleye.DesignCodeTests;
				PRODUCT_NAME = "$(TARGET_NAME)";
				SWIFT_VERSION = 5.0;
				TARGETED_DEVICE_FAMILY = "1,2";
				TEST_HOST = "$(BUILT_PRODUCTS_DIR)/DesignCode.app/DesignCode";
			};
			name = Release;
		};
		9A19FF8723E89CEC0041F663 /* Debug */ = {
			isa = XCBuildConfiguration;
			buildSettings = {
				ALWAYS_EMBED_SWIFT_STANDARD_LIBRARIES = YES;
				CODE_SIGN_STYLE = Automatic;
				DEVELOPMENT_TEAM = 6SQVNF4W45;
				INFOPLIST_FILE = DesignCodeUITests/Info.plist;
				LD_RUNPATH_SEARCH_PATHS = (
					"$(inherited)",
					"@executable_path/Frameworks",
					"@loader_path/Frameworks",
				);
				PRODUCT_BUNDLE_IDENTIFIER = com.tobiadeleye.DesignCodeUITests;
				PRODUCT_NAME = "$(TARGET_NAME)";
				SWIFT_VERSION = 5.0;
				TARGETED_DEVICE_FAMILY = "1,2";
				TEST_TARGET_NAME = DesignCode;
			};
			name = Debug;
		};
		9A19FF8823E89CEC0041F663 /* Release */ = {
			isa = XCBuildConfiguration;
			buildSettings = {
				ALWAYS_EMBED_SWIFT_STANDARD_LIBRARIES = YES;
				CODE_SIGN_STYLE = Automatic;
				DEVELOPMENT_TEAM = 6SQVNF4W45;
				INFOPLIST_FILE = DesignCodeUITests/Info.plist;
				LD_RUNPATH_SEARCH_PATHS = (
					"$(inherited)",
					"@executable_path/Frameworks",
					"@loader_path/Frameworks",
				);
				PRODUCT_BUNDLE_IDENTIFIER = com.tobiadeleye.DesignCodeUITests;
				PRODUCT_NAME = "$(TARGET_NAME)";
				SWIFT_VERSION = 5.0;
				TARGETED_DEVICE_FAMILY = "1,2";
				TEST_TARGET_NAME = DesignCode;
			};
			name = Release;
		};
/* End XCBuildConfiguration section */

/* Begin XCConfigurationList section */
		9A19FF5123E89CE40041F663 /* Build configuration list for PBXProject "DesignCode" */ = {
			isa = XCConfigurationList;
			buildConfigurations = (
				9A19FF7E23E89CEC0041F663 /* Debug */,
				9A19FF7F23E89CEC0041F663 /* Release */,
			);
			defaultConfigurationIsVisible = 0;
			defaultConfigurationName = Release;
		};
		9A19FF8023E89CEC0041F663 /* Build configuration list for PBXNativeTarget "DesignCode" */ = {
			isa = XCConfigurationList;
			buildConfigurations = (
				9A19FF8123E89CEC0041F663 /* Debug */,
				9A19FF8223E89CEC0041F663 /* Release */,
			);
			defaultConfigurationIsVisible = 0;
			defaultConfigurationName = Release;
		};
		9A19FF8323E89CEC0041F663 /* Build configuration list for PBXNativeTarget "DesignCodeTests" */ = {
			isa = XCConfigurationList;
			buildConfigurations = (
				9A19FF8423E89CEC0041F663 /* Debug */,
				9A19FF8523E89CEC0041F663 /* Release */,
			);
			defaultConfigurationIsVisible = 0;
			defaultConfigurationName = Release;
		};
		9A19FF8623E89CEC0041F663 /* Build configuration list for PBXNativeTarget "DesignCodeUITests" */ = {
			isa = XCConfigurationList;
			buildConfigurations = (
				9A19FF8723E89CEC0041F663 /* Debug */,
				9A19FF8823E89CEC0041F663 /* Release */,
			);
			defaultConfigurationIsVisible = 0;
			defaultConfigurationName = Release;
		};
/* End XCConfigurationList section */
	};
	rootObject = 9A19FF4E23E89CE40041F663 /* Project object */;
}
